{
  "name": "spinetools-photopea-verification",
  "lockfileVersion": 3,
  "requires": true,
  "packages": {
    "": {
      "name": "spinetools-photopea-verification",
      "dependencies": {
        "@esotericsoftware/spine-canvas": "4.2.120"
      }
    },
    "node_modules/@esotericsoftware/spine-canvas": {
      "version": "4.2.120",
      "resolved": "https://mirrors.tencent.com/npm/@esotericsoftware/spine-canvas/-/spine-canvas-4.2.120.tgz",
      "integrity": "sha512-9a3QmIwNqBJSxEwoR0DYp7mkDqgbvuJlaR246ArpmslsBxVcku2t/3tFyO+fS0IN2pYOxeeBhqEjX4Tt0JDW3g==",
      "license": "LicenseRef-LICENSE",
      "dependencies": {
        "@esotericsoftware/spine-core": "4.2.120"
      }
    },
    "node_modules/@esotericsoftware/spine-core": {
      "version": "4.2.120",
      "resolved": "https://mirrors.tencent.com/npm/@esotericsoftware/spine-core/-/spine-core-4.2.120.tgz",
      "integrity": "sha512-X62MPnfiZTWok4Wk5Q5DqaAUBUFypKpb94IVd1W/j4eLHhg0HH3tve4HvIlkgxDpls2NokHaAtzjxX12rJknOA==",
      "license": "LicenseRef-LICENSE"
    }
  }
}
